// !$*UTF8*$!
{
	archiveVersion = 1;
	classes = {
	};
	objectVersion = 46;
	objects = {

/* Begin PBXBuildFile section */
		0FA7FF52195B7897009FF521 /* Foundation.framework in Frameworks */ = {isa = PBXBuildFile; fileRef = 0FA7FF51195B7897009FF521 /* Foundation.framework */; };
		0FA7FF54195B7897009FF521 /* CoreGraphics.framework in Frameworks */ = {isa = PBXBuildFile; fileRef = 0FA7FF53195B7897009FF521 /* CoreGraphics.framework */; };
		0FA7FF56195B7897009FF521 /* UIKit.framework in Frameworks */ = {isa = PBXBuildFile; fileRef = 0FA7FF55195B7897009FF521 /* UIKit.framework */; };
		0FA7FF5C195B7897009FF521 /* InfoPlist.strings in Resources */ = {isa = PBXBuildFile; fileRef = 0FA7FF5A195B7897009FF521 /* InfoPlist.strings */; };
		0FA7FF5E195B7897009FF521 /* main.m in Sources */ = {isa = PBXBuildFile; fileRef = 0FA7FF5D195B7897009FF521 /* main.m */; };
		0FA7FF62195B7897009FF521 /* PCKAppDelegate.m in Sources */ = {isa = PBXBuildFile; fileRef = 0FA7FF61195B7897009FF521 /* PCKAppDelegate.m */; };
		0FA7FF64195B7897009FF521 /* Images.xcassets in Resources */ = {isa = PBXBuildFile; fileRef = 0FA7FF63195B7897009FF521 /* Images.xcassets */; };
		0FA7FF6B195B7897009FF521 /* XCTest.framework in Frameworks */ = {isa = PBXBuildFile; fileRef = 0FA7FF6A195B7897009FF521 /* XCTest.framework */; };
		0FA7FF6C195B7897009FF521 /* Foundation.framework in Frameworks */ = {isa = PBXBuildFile; fileRef = 0FA7FF51195B7897009FF521 /* Foundation.framework */; };
		0FA7FF6D195B7897009FF521 /* UIKit.framework in Frameworks */ = {isa = PBXBuildFile; fileRef = 0FA7FF55195B7897009FF521 /* UIKit.framework */; };
		0FA7FF75195B7897009FF521 /* InfoPlist.strings in Resources */ = {isa = PBXBuildFile; fileRef = 0FA7FF73195B7897009FF521 /* InfoPlist.strings */; };
		0FA7FF77195B7897009FF521 /* PokeCokeTests.m in Sources */ = {isa = PBXBuildFile; fileRef = 0FA7FF76195B7897009FF521 /* PokeCokeTests.m */; };
		0FA7FF84195B78C6009FF521 /* PCKMapViewController.m in Sources */ = {isa = PBXBuildFile; fileRef = 0FA7FF81195B78C6009FF521 /* PCKMapViewController.m */; };
		0FA7FF85195B78C6009FF521 /* PCKMapAnnotation.m in Sources */ = {isa = PBXBuildFile; fileRef = 0FA7FF83195B78C6009FF521 /* PCKMapAnnotation.m */; };
		0FA7FF87195B8893009FF521 /* Coke.png in Resources */ = {isa = PBXBuildFile; fileRef = 0FA7FF86195B8893009FF521 /* Coke.png */; };
		0FA7FF8A195C60D5009FF521 /* PCKViewController.m in Sources */ = {isa = PBXBuildFile; fileRef = 0FA7FF89195C60D5009FF521 /* PCKViewController.m */; };
		0FA7FF8C195CBDA4009FF521 /* Default@2x.png in Resources */ = {isa = PBXBuildFile; fileRef = 0FA7FF8B195CBDA4009FF521 /* Default@2x.png */; };
		0FA7FF8E195CBDAF009FF521 /* Default.png in Resources */ = {isa = PBXBuildFile; fileRef = 0FA7FF8D195CBDAF009FF521 /* Default.png */; };
		0FA7FF90195CCFCA009FF521 /* cap.png in Resources */ = {isa = PBXBuildFile; fileRef = 0FA7FF8F195CCFCA009FF521 /* cap.png */; };
		0FA7FF92195CD124009FF521 /* LOKICOLA.TTF in Resources */ = {isa = PBXBuildFile; fileRef = 0FA7FF91195CD0BF009FF521 /* LOKICOLA.TTF */; };
		0FA7FFAF195CD71E009FF521 /* PCKTableViewCell.m in Sources */ = {isa = PBXBuildFile; fileRef = 0FA7FFAC195CD71E009FF521 /* PCKTableViewCell.m */; };
		0FA7FFB0195CD71E009FF521 /* PCKTableViewController.m in Sources */ = {isa = PBXBuildFile; fileRef = 0FA7FFAE195CD71E009FF521 /* PCKTableViewController.m */; };
		0FA7FFB2195CD818009FF521 /* Parse.framework in Frameworks */ = {isa = PBXBuildFile; fileRef = 0FA7FFB1195CD818009FF521 /* Parse.framework */; };
		0FA7FFB4195CD842009FF521 /* AudioToolbox.framework in Frameworks */ = {isa = PBXBuildFile; fileRef = 0FA7FFB3195CD842009FF521 /* AudioToolbox.framework */; };
		0FA7FFB6195CD848009FF521 /* CFNetwork.framework in Frameworks */ = {isa = PBXBuildFile; fileRef = 0FA7FFB5195CD848009FF521 /* CFNetwork.framework */; };
		0FA7FFB8195CD84F009FF521 /* CoreLocation.framework in Frameworks */ = {isa = PBXBuildFile; fileRef = 0FA7FFB7195CD84F009FF521 /* CoreLocation.framework */; };
		0FA7FFBA195CD85C009FF521 /* libz.1.1.3.dylib in Frameworks */ = {isa = PBXBuildFile; fileRef = 0FA7FFB9195CD85C009FF521 /* libz.1.1.3.dylib */; };
		0FA7FFBC195CD863009FF521 /* MobileCoreServices.framework in Frameworks */ = {isa = PBXBuildFile; fileRef = 0FA7FFBB195CD863009FF521 /* MobileCoreServices.framework */; };
		0FA7FFBE195CD86B009FF521 /* QuartzCore.framework in Frameworks */ = {isa = PBXBuildFile; fileRef = 0FA7FFBD195CD86B009FF521 /* QuartzCore.framework */; };
		0FA7FFC0195CD870009FF521 /* Security.framework in Frameworks */ = {isa = PBXBuildFile; fileRef = 0FA7FFBF195CD870009FF521 /* Security.framework */; };
		0FA7FFC2195CD87B009FF521 /* StoreKit.framework in Frameworks */ = {isa = PBXBuildFile; fileRef = 0FA7FFC1195CD87B009FF521 /* StoreKit.framework */; };
		0FA7FFC4195CD888009FF521 /* SystemConfiguration.framework in Frameworks */ = {isa = PBXBuildFile; fileRef = 0FA7FFC3195CD888009FF521 /* SystemConfiguration.framework */; };
		0FA7FFC7195CE823009FF521 /* PCKNavVC.m in Sources */ = {isa = PBXBuildFile; fileRef = 0FA7FFC6195CE823009FF521 /* PCKNavVC.m */; };
		0FA7FFC9195DA38F009FF521 /* homescreen.png in Resources */ = {isa = PBXBuildFile; fileRef = 0FA7FFC8195DA38F009FF521 /* homescreen.png */; };
		0FA7FFCD195DA731009FF521 /* backHome.png in Resources */ = {isa = PBXBuildFile; fileRef = 0FA7FFCC195DA731009FF521 /* backHome.png */; };
		0FA7FFCF195DA87B009FF521 /* sendmail.png in Resources */ = {isa = PBXBuildFile; fileRef = 0FA7FFCE195DA87B009FF521 /* sendmail.png */; };
		0FA7FFD1195DA912009FF521 /* plane.png in Resources */ = {isa = PBXBuildFile; fileRef = 0FA7FFD0195DA912009FF521 /* plane.png */; };
/* End PBXBuildFile section */

/* Begin PBXContainerItemProxy section */
		0FA7FF6E195B7897009FF521 /* PBXContainerItemProxy */ = {
			isa = PBXContainerItemProxy;
			containerPortal = 0FA7FF46195B7897009FF521 /* Project object */;
			proxyType = 1;
			remoteGlobalIDString = 0FA7FF4D195B7897009FF521;
			remoteInfo = PokeCoke;
		};
/* End PBXContainerItemProxy section */

/* Begin PBXFileReference section */
		0FA7FF4E195B7897009FF521 /* PokeCoke.app */ = {isa = PBXFileReference; explicitFileType = wrapper.application; includeInIndex = 0; path = PokeCoke.app; sourceTree = BUILT_PRODUCTS_DIR; };
		0FA7FF51195B7897009FF521 /* Foundation.framework */ = {isa = PBXFileReference; lastKnownFileType = wrapper.framework; name = Foundation.framework; path = System/Library/Frameworks/Foundation.framework; sourceTree = SDKROOT; };
		0FA7FF53195B7897009FF521 /* CoreGraphics.framework */ = {isa = PBXFileReference; lastKnownFileType = wrapper.framework; name = CoreGraphics.framework; path = System/Library/Frameworks/CoreGraphics.framework; sourceTree = SDKROOT; };
		0FA7FF55195B7897009FF521 /* UIKit.framework */ = {isa = PBXFileReference; lastKnownFileType = wrapper.framework; name = UIKit.framework; path = System/Library/Frameworks/UIKit.framework; sourceTree = SDKROOT; };
		0FA7FF59195B7897009FF521 /* PokeCoke-Info.plist */ = {isa = PBXFileReference; lastKnownFileType = text.plist.xml; path = "PokeCoke-Info.plist"; sourceTree = "<group>"; };
		0FA7FF5B195B7897009FF521 /* en */ = {isa = PBXFileReference; lastKnownFileType = text.plist.strings; name = en; path = en.lproj/InfoPlist.strings; sourceTree = "<group>"; };
		0FA7FF5D195B7897009FF521 /* main.m */ = {isa = PBXFileReference; lastKnownFileType = sourcecode.c.objc; path = main.m; sourceTree = "<group>"; };
		0FA7FF5F195B7897009FF521 /* PokeCoke-Prefix.pch */ = {isa = PBXFileReference; lastKnownFileType = sourcecode.c.h; path = "PokeCoke-Prefix.pch"; sourceTree = "<group>"; };
		0FA7FF60195B7897009FF521 /* PCKAppDelegate.h */ = {isa = PBXFileReference; lastKnownFileType = sourcecode.c.h; path = PCKAppDelegate.h; sourceTree = "<group>"; };
		0FA7FF61195B7897009FF521 /* PCKAppDelegate.m */ = {isa = PBXFileReference; lastKnownFileType = sourcecode.c.objc; path = PCKAppDelegate.m; sourceTree = "<group>"; };
		0FA7FF63195B7897009FF521 /* Images.xcassets */ = {isa = PBXFileReference; lastKnownFileType = folder.assetcatalog; path = Images.xcassets; sourceTree = "<group>"; };
		0FA7FF69195B7897009FF521 /* PokeCokeTests.xctest */ = {isa = PBXFileReference; explicitFileType = wrapper.cfbundle; includeInIndex = 0; path = PokeCokeTests.xctest; sourceTree = BUILT_PRODUCTS_DIR; };
		0FA7FF6A195B7897009FF521 /* XCTest.framework */ = {isa = PBXFileReference; lastKnownFileType = wrapper.framework; name = XCTest.framework; path = Library/Frameworks/XCTest.framework; sourceTree = DEVELOPER_DIR; };
		0FA7FF72195B7897009FF521 /* PokeCokeTests-Info.plist */ = {isa = PBXFileReference; lastKnownFileType = text.plist.xml; path = "PokeCokeTests-Info.plist"; sourceTree = "<group>"; };
		0FA7FF74195B7897009FF521 /* en */ = {isa = PBXFileReference; lastKnownFileType = text.plist.strings; name = en; path = en.lproj/InfoPlist.strings; sourceTree = "<group>"; };
		0FA7FF76195B7897009FF521 /* PokeCokeTests.m */ = {isa = PBXFileReference; lastKnownFileType = sourcecode.c.objc; path = PokeCokeTests.m; sourceTree = "<group>"; };
		0FA7FF80195B78C6009FF521 /* PCKMapViewController.h */ = {isa = PBXFileReference; fileEncoding = 4; lastKnownFileType = sourcecode.c.h; path = PCKMapViewController.h; sourceTree = "<group>"; };
		0FA7FF81195B78C6009FF521 /* PCKMapViewController.m */ = {isa = PBXFileReference; fileEncoding = 4; lastKnownFileType = sourcecode.c.objc; path = PCKMapViewController.m; sourceTree = "<group>"; };
		0FA7FF82195B78C6009FF521 /* PCKMapAnnotation.h */ = {isa = PBXFileReference; fileEncoding = 4; lastKnownFileType = sourcecode.c.h; path = PCKMapAnnotation.h; sourceTree = "<group>"; };
		0FA7FF83195B78C6009FF521 /* PCKMapAnnotation.m */ = {isa = PBXFileReference; fileEncoding = 4; lastKnownFileType = sourcecode.c.objc; path = PCKMapAnnotation.m; sourceTree = "<group>"; };
		0FA7FF86195B8893009FF521 /* Coke.png */ = {isa = PBXFileReference; lastKnownFileType = image.png; path = Coke.png; sourceTree = "<group>"; };
		0FA7FF88195C60D5009FF521 /* PCKViewController.h */ = {isa = PBXFileReference; fileEncoding = 4; lastKnownFileType = sourcecode.c.h; path = PCKViewController.h; sourceTree = "<group>"; };
		0FA7FF89195C60D5009FF521 /* PCKViewController.m */ = {isa = PBXFileReference; fileEncoding = 4; lastKnownFileType = sourcecode.c.objc; path = PCKViewController.m; sourceTree = "<group>"; };
		0FA7FF8B195CBDA4009FF521 /* Default@2x.png */ = {isa = PBXFileReference; lastKnownFileType = image.png; path = "Default@2x.png"; sourceTree = "<group>"; };
		0FA7FF8D195CBDAF009FF521 /* Default.png */ = {isa = PBXFileReference; lastKnownFileType = image.png; path = Default.png; sourceTree = "<group>"; };
		0FA7FF8F195CCFCA009FF521 /* cap.png */ = {isa = PBXFileReference; lastKnownFileType = image.png; path = cap.png; sourceTree = "<group>"; };
		0FA7FF91195CD0BF009FF521 /* LOKICOLA.TTF */ = {isa = PBXFileReference; lastKnownFileType = file; path = LOKICOLA.TTF; sourceTree = "<group>"; };
		0FA7FFAB195CD71E009FF521 /* PCKTableViewCell.h */ = {isa = PBXFileReference; fileEncoding = 4; lastKnownFileType = sourcecode.c.h; path = PCKTableViewCell.h; sourceTree = "<group>"; };
		0FA7FFAC195CD71E009FF521 /* PCKTableViewCell.m */ = {isa = PBXFileReference; fileEncoding = 4; lastKnownFileType = sourcecode.c.objc; path = PCKTableViewCell.m; sourceTree = "<group>"; };
		0FA7FFAD195CD71E009FF521 /* PCKTableViewController.h */ = {isa = PBXFileReference; fileEncoding = 4; lastKnownFileType = sourcecode.c.h; path = PCKTableViewController.h; sourceTree = "<group>"; };
		0FA7FFAE195CD71E009FF521 /* PCKTableViewController.m */ = {isa = PBXFileReference; fileEncoding = 4; lastKnownFileType = sourcecode.c.objc; path = PCKTableViewController.m; sourceTree = "<group>"; };
		0FA7FFB1195CD818009FF521 /* Parse.framework */ = {isa = PBXFileReference; lastKnownFileType = wrapper.framework; path = Parse.framework; sourceTree = "<group>"; };
		0FA7FFB3195CD842009FF521 /* AudioToolbox.framework */ = {isa = PBXFileReference; lastKnownFileType = wrapper.framework; name = AudioToolbox.framework; path = System/Library/Frameworks/AudioToolbox.framework; sourceTree = SDKROOT; };
		0FA7FFB5195CD848009FF521 /* CFNetwork.framework */ = {isa = PBXFileReference; lastKnownFileType = wrapper.framework; name = CFNetwork.framework; path = System/Library/Frameworks/CFNetwork.framework; sourceTree = SDKROOT; };
		0FA7FFB7195CD84F009FF521 /* CoreLocation.framework */ = {isa = PBXFileReference; lastKnownFileType = wrapper.framework; name = CoreLocation.framework; path = System/Library/Frameworks/CoreLocation.framework; sourceTree = SDKROOT; };
		0FA7FFB9195CD85C009FF521 /* libz.1.1.3.dylib */ = {isa = PBXFileReference; lastKnownFileType = "compiled.mach-o.dylib"; name = libz.1.1.3.dylib; path = usr/lib/libz.1.1.3.dylib; sourceTree = SDKROOT; };
		0FA7FFBB195CD863009FF521 /* MobileCoreServices.framework */ = {isa = PBXFileReference; lastKnownFileType = wrapper.framework; name = MobileCoreServices.framework; path = System/Library/Frameworks/MobileCoreServices.framework; sourceTree = SDKROOT; };
		0FA7FFBD195CD86B009FF521 /* QuartzCore.framework */ = {isa = PBXFileReference; lastKnownFileType = wrapper.framework; name = QuartzCore.framework; path = System/Library/Frameworks/QuartzCore.framework; sourceTree = SDKROOT; };
		0FA7FFBF195CD870009FF521 /* Security.framework */ = {isa = PBXFileReference; lastKnownFileType = wrapper.framework; name = Security.framework; path = System/Library/Frameworks/Security.framework; sourceTree = SDKROOT; };
		0FA7FFC1195CD87B009FF521 /* StoreKit.framework */ = {isa = PBXFileReference; lastKnownFileType = wrapper.framework; name = StoreKit.framework; path = System/Library/Frameworks/StoreKit.framework; sourceTree = SDKROOT; };
		0FA7FFC3195CD888009FF521 /* SystemConfiguration.framework */ = {isa = PBXFileReference; lastKnownFileType = wrapper.framework; name = SystemConfiguration.framework; path = System/Library/Frameworks/SystemConfiguration.framework; sourceTree = SDKROOT; };
		0FA7FFC5195CE823009FF521 /* PCKNavVC.h */ = {isa = PBXFileReference; fileEncoding = 4; lastKnownFileType = sourcecode.c.h; path = PCKNavVC.h; sourceTree = "<group>"; };
		0FA7FFC6195CE823009FF521 /* PCKNavVC.m */ = {isa = PBXFileReference; fileEncoding = 4; lastKnownFileType = sourcecode.c.objc; path = PCKNavVC.m; sourceTree = "<group>"; };
		0FA7FFC8195DA38F009FF521 /* homescreen.png */ = {isa = PBXFileReference; lastKnownFileType = image.png; path = homescreen.png; sourceTree = "<group>"; };
		0FA7FFCC195DA731009FF521 /* backHome.png */ = {isa = PBXFileReference; lastKnownFileType = image.png; path = backHome.png; sourceTree = "<group>"; };
		0FA7FFCE195DA87B009FF521 /* sendmail.png */ = {isa = PBXFileReference; lastKnownFileType = image.png; path = sendmail.png; sourceTree = "<group>"; };
		0FA7FFD0195DA912009FF521 /* plane.png */ = {isa = PBXFileReference; lastKnownFileType = image.png; path = plane.png; sourceTree = "<group>"; };
/* End PBXFileReference section */

/* Begin PBXFrameworksBuildPhase section */
		0FA7FF4B195B7897009FF521 /* Frameworks */ = {
			isa = PBXFrameworksBuildPhase;
			buildActionMask = 2147483647;
			files = (
				0FA7FFC4195CD888009FF521 /* SystemConfiguration.framework in Frameworks */,
				0FA7FFC2195CD87B009FF521 /* StoreKit.framework in Frameworks */,
				0FA7FFC0195CD870009FF521 /* Security.framework in Frameworks */,
				0FA7FFBE195CD86B009FF521 /* QuartzCore.framework in Frameworks */,
				0FA7FFBC195CD863009FF521 /* MobileCoreServices.framework in Frameworks */,
				0FA7FFBA195CD85C009FF521 /* libz.1.1.3.dylib in Frameworks */,
				0FA7FFB8195CD84F009FF521 /* CoreLocation.framework in Frameworks */,
				0FA7FFB6195CD848009FF521 /* CFNetwork.framework in Frameworks */,
				0FA7FFB4195CD842009FF521 /* AudioToolbox.framework in Frameworks */,
				0FA7FF54195B7897009FF521 /* CoreGraphics.framework in Frameworks */,
				0FA7FF56195B7897009FF521 /* UIKit.framework in Frameworks */,
				0FA7FFB2195CD818009FF521 /* Parse.framework in Frameworks */,
				0FA7FF52195B7897009FF521 /* Foundation.framework in Frameworks */,
			);
			runOnlyForDeploymentPostprocessing = 0;
		};
		0FA7FF66195B7897009FF521 /* Frameworks */ = {
			isa = PBXFrameworksBuildPhase;
			buildActionMask = 2147483647;
			files = (
				0FA7FF6B195B7897009FF521 /* XCTest.framework in Frameworks */,
				0FA7FF6D195B7897009FF521 /* UIKit.framework in Frameworks */,
				0FA7FF6C195B7897009FF521 /* Foundation.framework in Frameworks */,
			);
			runOnlyForDeploymentPostprocessing = 0;
		};
/* End PBXFrameworksBuildPhase section */

/* Begin PBXGroup section */
		0FA7FF45195B7897009FF521 = {
			isa = PBXGroup;
			children = (
				0FA7FF57195B7897009FF521 /* PokeCoke */,
				0FA7FF70195B7897009FF521 /* PokeCokeTests */,
				0FA7FF50195B7897009FF521 /* Frameworks */,
				0FA7FF4F195B7897009FF521 /* Products */,
			);
			sourceTree = "<group>";
		};
		0FA7FF4F195B7897009FF521 /* Products */ = {
			isa = PBXGroup;
			children = (
				0FA7FF4E195B7897009FF521 /* PokeCoke.app */,
				0FA7FF69195B7897009FF521 /* PokeCokeTests.xctest */,
			);
			name = Products;
			sourceTree = "<group>";
		};
		0FA7FF50195B7897009FF521 /* Frameworks */ = {
			isa = PBXGroup;
			children = (
				0FA7FFC3195CD888009FF521 /* SystemConfiguration.framework */,
				0FA7FFC1195CD87B009FF521 /* StoreKit.framework */,
				0FA7FFBF195CD870009FF521 /* Security.framework */,
				0FA7FFBD195CD86B009FF521 /* QuartzCore.framework */,
				0FA7FFBB195CD863009FF521 /* MobileCoreServices.framework */,
				0FA7FFB9195CD85C009FF521 /* libz.1.1.3.dylib */,
				0FA7FFB7195CD84F009FF521 /* CoreLocation.framework */,
				0FA7FFB5195CD848009FF521 /* CFNetwork.framework */,
				0FA7FFB3195CD842009FF521 /* AudioToolbox.framework */,
				0FA7FFB1195CD818009FF521 /* Parse.framework */,
				0FA7FF51195B7897009FF521 /* Foundation.framework */,
				0FA7FF53195B7897009FF521 /* CoreGraphics.framework */,
				0FA7FF55195B7897009FF521 /* UIKit.framework */,
				0FA7FF6A195B7897009FF521 /* XCTest.framework */,
			);
			name = Frameworks;
			sourceTree = "<group>";
		};
		0FA7FF57195B7897009FF521 /* PokeCoke */ = {
			isa = PBXGroup;
			children = (
				0FA7FF60195B7897009FF521 /* PCKAppDelegate.h */,
				0FA7FF61195B7897009FF521 /* PCKAppDelegate.m */,
				0FA7FF88195C60D5009FF521 /* PCKViewController.h */,
				0FA7FF89195C60D5009FF521 /* PCKViewController.m */,
				0FA7FFAB195CD71E009FF521 /* PCKTableViewCell.h */,
				0FA7FFAC195CD71E009FF521 /* PCKTableViewCell.m */,
				0FA7FFAD195CD71E009FF521 /* PCKTableViewController.h */,
				0FA7FFAE195CD71E009FF521 /* PCKTableViewController.m */,
				0FA7FF80195B78C6009FF521 /* PCKMapViewController.h */,
				0FA7FF81195B78C6009FF521 /* PCKMapViewController.m */,
				0FA7FF82195B78C6009FF521 /* PCKMapAnnotation.h */,
				0FA7FF83195B78C6009FF521 /* PCKMapAnnotation.m */,
				0FA7FFC5195CE823009FF521 /* PCKNavVC.h */,
				0FA7FFC6195CE823009FF521 /* PCKNavVC.m */,
				0FA7FF63195B7897009FF521 /* Images.xcassets */,
				0FA7FF58195B7897009FF521 /* Supporting Files */,
			);
			path = PokeCoke;
			sourceTree = "<group>";
		};
		0FA7FF58195B7897009FF521 /* Supporting Files */ = {
			isa = PBXGroup;
			children = (
				0FA7FFD0195DA912009FF521 /* plane.png */,
				0FA7FF86195B8893009FF521 /* Coke.png */,
				0FA7FFCE195DA87B009FF521 /* sendmail.png */,
				0FA7FFCC195DA731009FF521 /* backHome.png */,
				0FA7FF59195B7897009FF521 /* PokeCoke-Info.plist */,
				0FA7FF5A195B7897009FF521 /* InfoPlist.strings */,
				0FA7FF5D195B7897009FF521 /* main.m */,
				0FA7FF5F195B7897009FF521 /* PokeCoke-Prefix.pch */,
				0FA7FF8D195CBDAF009FF521 /* Default.png */,
				0FA7FF8B195CBDA4009FF521 /* Default@2x.png */,
				0FA7FF8F195CCFCA009FF521 /* cap.png */,
				0FA7FFC8195DA38F009FF521 /* homescreen.png */,
				0FA7FF91195CD0BF009FF521 /* LOKICOLA.TTF */,
			);
			name = "Supporting Files";
			sourceTree = "<group>";
		};
		0FA7FF70195B7897009FF521 /* PokeCokeTests */ = {
			isa = PBXGroup;
			children = (
				0FA7FF76195B7897009FF521 /* PokeCokeTests.m */,
				0FA7FF71195B7897009FF521 /* Supporting Files */,
			);
			path = PokeCokeTests;
			sourceTree = "<group>";
		};
		0FA7FF71195B7897009FF521 /* Supporting Files */ = {
			isa = PBXGroup;
			children = (
				0FA7FF72195B7897009FF521 /* PokeCokeTests-Info.plist */,
				0FA7FF73195B7897009FF521 /* InfoPlist.strings */,
			);
			name = "Supporting Files";
			sourceTree = "<group>";
		};
/* End PBXGroup section */

/* Begin PBXNativeTarget section */
		0FA7FF4D195B7897009FF521 /* PokeCoke */ = {
			isa = PBXNativeTarget;
			buildConfigurationList = 0FA7FF7A195B7897009FF521 /* Build configuration list for PBXNativeTarget "PokeCoke" */;
			buildPhases = (
				0FA7FF4A195B7897009FF521 /* Sources */,
				0FA7FF4B195B7897009FF521 /* Frameworks */,
				0FA7FF4C195B7897009FF521 /* Resources */,
			);
			buildRules = (
			);
			dependencies = (
			);
			name = PokeCoke;
			productName = PokeCoke;
			productReference = 0FA7FF4E195B7897009FF521 /* PokeCoke.app */;
			productType = "com.apple.product-type.application";
		};
		0FA7FF68195B7897009FF521 /* PokeCokeTests */ = {
			isa = PBXNativeTarget;
			buildConfigurationList = 0FA7FF7D195B7897009FF521 /* Build configuration list for PBXNativeTarget "PokeCokeTests" */;
			buildPhases = (
				0FA7FF65195B7897009FF521 /* Sources */,
				0FA7FF66195B7897009FF521 /* Frameworks */,
				0FA7FF67195B7897009FF521 /* Resources */,
			);
			buildRules = (
			);
			dependencies = (
				0FA7FF6F195B7897009FF521 /* PBXTargetDependency */,
			);
			name = PokeCokeTests;
			productName = PokeCokeTests;
			productReference = 0FA7FF69195B7897009FF521 /* PokeCokeTests.xctest */;
			productType = "com.apple.product-type.bundle.unit-test";
		};
/* End PBXNativeTarget section */

/* Begin PBXProject section */
		0FA7FF46195B7897009FF521 /* Project object */ = {
			isa = PBXProject;
			attributes = {
				CLASSPREFIX = PCK;
				LastUpgradeCheck = 0510;
				ORGANIZATIONNAME = "Ali Houshmand";
				TargetAttributes = {
					0FA7FF68195B7897009FF521 = {
						TestTargetID = 0FA7FF4D195B7897009FF521;
					};
				};
			};
			buildConfigurationList = 0FA7FF49195B7897009FF521 /* Build configuration list for PBXProject "PokeCoke" */;
			compatibilityVersion = "Xcode 3.2";
			developmentRegion = English;
			hasScannedForEncodings = 0;
			knownRegions = (
				en,
			);
			mainGroup = 0FA7FF45195B7897009FF521;
			productRefGroup = 0FA7FF4F195B7897009FF521 /* Products */;
			projectDirPath = "";
			projectRoot = "";
			targets = (
				0FA7FF4D195B7897009FF521 /* PokeCoke */,
				0FA7FF68195B7897009FF521 /* PokeCokeTests */,
			);
		};
/* End PBXProject section */

/* Begin PBXResourcesBuildPhase section */
		0FA7FF4C195B7897009FF521 /* Resources */ = {
			isa = PBXResourcesBuildPhase;
			buildActionMask = 2147483647;
			files = (
				0FA7FF90195CCFCA009FF521 /* cap.png in Resources */,
				0FA7FF8C195CBDA4009FF521 /* Default@2x.png in Resources */,
				0FA7FFCF195DA87B009FF521 /* sendmail.png in Resources */,
				0FA7FFC9195DA38F009FF521 /* homescreen.png in Resources */,
				0FA7FFCD195DA731009FF521 /* backHome.png in Resources */,
				0FA7FF87195B8893009FF521 /* Coke.png in Resources */,
				0FA7FF5C195B7897009FF521 /* InfoPlist.strings in Resources */,
				0FA7FF64195B7897009FF521 /* Images.xcassets in Resources */,
				0FA7FFD1195DA912009FF521 /* plane.png in Resources */,
				0FA7FF8E195CBDAF009FF521 /* Default.png in Resources */,
				0FA7FF92195CD124009FF521 /* LOKICOLA.TTF in Resources */,
			);
			runOnlyForDeploymentPostprocessing = 0;
		};
		0FA7FF67195B7897009FF521 /* Resources */ = {
			isa = PBXResourcesBuildPhase;
			buildActionMask = 2147483647;
			files = (
				0FA7FF75195B7897009FF521 /* InfoPlist.strings in Resources */,
			);
			runOnlyForDeploymentPostprocessing = 0;
		};
/* End PBXResourcesBuildPhase section */

/* Begin PBXSourcesBuildPhase section */
		0FA7FF4A195B7897009FF521 /* Sources */ = {
			isa = PBXSourcesBuildPhase;
			buildActionMask = 2147483647;
			files = (
				0FA7FF8A195C60D5009FF521 /* PCKViewController.m in Sources */,
				0FA7FFC7195CE823009FF521 /* PCKNavVC.m in Sources */,
				0FA7FF5E195B7897009FF521 /* main.m in Sources */,
				0FA7FF62195B7897009FF521 /* PCKAppDelegate.m in Sources */,
				0FA7FFB0195CD71E009FF521 /* PCKTableViewController.m in Sources */,
				0FA7FF84195B78C6009FF521 /* PCKMapViewController.m in Sources */,
				0FA7FFAF195CD71E009FF521 /* PCKTableViewCell.m in Sources */,
				0FA7FF85195B78C6009FF521 /* PCKMapAnnotation.m in Sources */,
			);
			runOnlyForDeploymentPostprocessing = 0;
		};
		0FA7FF65195B7897009FF521 /* Sources */ = {
			isa = PBXSourcesBuildPhase;
			buildActionMask = 2147483647;
			files = (
				0FA7FF77195B7897009FF521 /* PokeCokeTests.m in Sources */,
			);
			runOnlyForDeploymentPostprocessing = 0;
		};
/* End PBXSourcesBuildPhase section */

/* Begin PBXTargetDependency section */
		0FA7FF6F195B7897009FF521 /* PBXTargetDependency */ = {
			isa = PBXTargetDependency;
			target = 0FA7FF4D195B7897009FF521 /* PokeCoke */;
			targetProxy = 0FA7FF6E195B7897009FF521 /* PBXContainerItemProxy */;
		};
/* End PBXTargetDependency section */

/* Begin PBXVariantGroup section */
		0FA7FF5A195B7897009FF521 /* InfoPlist.strings */ = {
			isa = PBXVariantGroup;
			children = (
				0FA7FF5B195B7897009FF521 /* en */,
			);
			name = InfoPlist.strings;
			sourceTree = "<group>";
		};
		0FA7FF73195B7897009FF521 /* InfoPlist.strings */ = {
			isa = PBXVariantGroup;
			children = (
				0FA7FF74195B7897009FF521 /* en */,
			);
			name = InfoPlist.strings;
			sourceTree = "<group>";
		};
/* End PBXVariantGroup section */

/* Begin XCBuildConfiguration section */
		0FA7FF78195B7897009FF521 /* Debug */ = {
			isa = XCBuildConfiguration;
			buildSettings = {
				ALWAYS_SEARCH_USER_PATHS = NO;
				CLANG_CXX_LANGUAGE_STANDARD = "gnu++0x";
				CLANG_CXX_LIBRARY = "libc++";
				CLANG_ENABLE_MODULES = YES;
				CLANG_ENABLE_OBJC_ARC = YES;
				CLANG_WARN_BOOL_CONVERSION = YES;
				CLANG_WARN_CONSTANT_CONVERSION = YES;
				CLANG_WARN_DIRECT_OBJC_ISA_USAGE = YES_ERROR;
				CLANG_WARN_EMPTY_BODY = YES;
				CLANG_WARN_ENUM_CONVERSION = YES;
				CLANG_WARN_INT_CONVERSION = YES;
				CLANG_WARN_OBJC_ROOT_CLASS = YES_ERROR;
				CLANG_WARN__DUPLICATE_METHOD_MATCH = YES;
				"CODE_SIGN_IDENTITY[sdk=iphoneos*]" = "iPhone Developer";
				COPY_PHASE_STRIP = NO;
				GCC_C_LANGUAGE_STANDARD = gnu99;
				GCC_DYNAMIC_NO_PIC = NO;
				GCC_OPTIMIZATION_LEVEL = 0;
				GCC_PREPROCESSOR_DEFINITIONS = (
					"DEBUG=1",
					"$(inherited)",
				);
				GCC_SYMBOLS_PRIVATE_EXTERN = NO;
				GCC_WARN_64_TO_32_BIT_CONVERSION = YES;
				GCC_WARN_ABOUT_RETURN_TYPE = YES_ERROR;
				GCC_WARN_UNDECLARED_SELECTOR = YES;
				GCC_WARN_UNINITIALIZED_AUTOS = YES_AGGRESSIVE;
				GCC_WARN_UNUSED_FUNCTION = YES;
				GCC_WARN_UNUSED_VARIABLE = YES;
				IPHONEOS_DEPLOYMENT_TARGET = 7.1;
				ONLY_ACTIVE_ARCH = YES;
				SDKROOT = iphoneos;
			};
			name = Debug;
		};
		0FA7FF79195B7897009FF521 /* Release */ = {
			isa = XCBuildConfiguration;
			buildSettings = {
				ALWAYS_SEARCH_USER_PATHS = NO;
				CLANG_CXX_LANGUAGE_STANDARD = "gnu++0x";
				CLANG_CXX_LIBRARY = "libc++";
				CLANG_ENABLE_MODULES = YES;
				CLANG_ENABLE_OBJC_ARC = YES;
				CLANG_WARN_BOOL_CONVERSION = YES;
				CLANG_WARN_CONSTANT_CONVERSION = YES;
				CLANG_WARN_DIRECT_OBJC_ISA_USAGE = YES_ERROR;
				CLANG_WARN_EMPTY_BODY = YES;
				CLANG_WARN_ENUM_CONVERSION = YES;
				CLANG_WARN_INT_CONVERSION = YES;
				CLANG_WARN_OBJC_ROOT_CLASS = YES_ERROR;
				CLANG_WARN__DUPLICATE_METHOD_MATCH = YES;
				"CODE_SIGN_IDENTITY[sdk=iphoneos*]" = "iPhone Developer";
				COPY_PHASE_STRIP = YES;
				ENABLE_NS_ASSERTIONS = NO;
				GCC_C_LANGUAGE_STANDARD = gnu99;
				GCC_WARN_64_TO_32_BIT_CONVERSION = YES;
				GCC_WARN_ABOUT_RETURN_TYPE = YES_ERROR;
				GCC_WARN_UNDECLARED_SELECTOR = YES;
				GCC_WARN_UNINITIALIZED_AUTOS = YES_AGGRESSIVE;
				GCC_WARN_UNUSED_FUNCTION = YES;
				GCC_WARN_UNUSED_VARIABLE = YES;
				IPHONEOS_DEPLOYMENT_TARGET = 7.1;
				SDKROOT = iphoneos;
				VALIDATE_PRODUCT = YES;
			};
			name = Release;
		};
		0FA7FF7B195B7897009FF521 /* Debug */ = {
			isa = XCBuildConfiguration;
			buildSettings = {
				ASSETCATALOG_COMPILER_APPICON_NAME = AppIcon;
				ASSETCATALOG_COMPILER_LAUNCHIMAGE_NAME = LaunchImage;
				FRAMEWORK_SEARCH_PATHS = (
					"$(inherited)",
					"$(PROJECT_DIR)",
				);
				GCC_PRECOMPILE_PREFIX_HEADER = YES;
				GCC_PREFIX_HEADER = "PokeCoke/PokeCoke-Prefix.pch";
				INFOPLIST_FILE = "PokeCoke/PokeCoke-Info.plist";
				PRODUCT_NAME = "$(TARGET_NAME)";
				TARGETED_DEVICE_FAMILY = 1;
				WRAPPER_EXTENSION = app;
			};
			name = Debug;
		};
		0FA7FF7C195B7897009FF521 /* Release */ = {
			isa = XCBuildConfiguration;
			buildSettings = {
				ASSETCATALOG_COMPILER_APPICON_NAME = AppIcon;
				ASSETCATALOG_COMPILER_LAUNCHIMAGE_NAME = LaunchImage;
				FRAMEWORK_SEARCH_PATHS = (
					"$(inherited)",
					"$(PROJECT_DIR)",
				);
				GCC_PRECOMPILE_PREFIX_HEADER = YES;
				GCC_PREFIX_HEADER = "PokeCoke/PokeCoke-Prefix.pch";
				INFOPLIST_FILE = "PokeCoke/PokeCoke-Info.plist";
				PRODUCT_NAME = "$(TARGET_NAME)";
				TARGETED_DEVICE_FAMILY = 1;
				WRAPPER_EXTENSION = app;
			};
			name = Release;
		};
		0FA7FF7E195B7897009FF521 /* Debug */ = {
			isa = XCBuildConfiguration;
			buildSettings = {
				BUNDLE_LOADER = "$(BUILT_PRODUCTS_DIR)/PokeCoke.app/PokeCoke";
				FRAMEWORK_SEARCH_PATHS = (
					"$(SDKROOT)/Developer/Library/Frameworks",
					"$(inherited)",
					"$(DEVELOPER_FRAMEWORKS_DIR)",
				);
				GCC_PRECOMPILE_PREFIX_HEADER = YES;
				GCC_PREFIX_HEADER = "PokeCoke/PokeCoke-Prefix.pch";
				GCC_PREPROCESSOR_DEFINITIONS = (
					"DEBUG=1",
					"$(inherited)",
				);
				INFOPLIST_FILE = "PokeCokeTests/PokeCokeTests-Info.plist";
				PRODUCT_NAME = "$(TARGET_NAME)";
				TEST_HOST = "$(BUNDLE_LOADER)";
				WRAPPER_EXTENSION = xctest;
			};
			name = Debug;
		};
		0FA7FF7F195B7897009FF521 /* Release */ = {
			isa = XCBuildConfiguration;
			buildSettings = {
				BUNDLE_LOADER = "$(BUILT_PRODUCTS_DIR)/PokeCoke.app/PokeCoke";
				FRAMEWORK_SEARCH_PATHS = (
					"$(SDKROOT)/Developer/Library/Frameworks",
					"$(inherited)",
					"$(DEVELOPER_FRAMEWORKS_DIR)",
				);
				GCC_PRECOMPILE_PREFIX_HEADER = YES;
				GCC_PREFIX_HEADER = "PokeCoke/PokeCoke-Prefix.pch";
				INFOPLIST_FILE = "PokeCokeTests/PokeCokeTests-Info.plist";
				PRODUCT_NAME = "$(TARGET_NAME)";
				TEST_HOST = "$(BUNDLE_LOADER)";
				WRAPPER_EXTENSION = xctest;
			};
			name = Release;
		};
/* End XCBuildConfiguration section */

/* Begin XCConfigurationList section */
		0FA7FF49195B7897009FF521 /* Build configuration list for PBXProject "PokeCoke" */ = {
			isa = XCConfigurationList;
			buildConfigurations = (
				0FA7FF78195B7897009FF521 /* Debug */,
				0FA7FF79195B7897009FF521 /* Release */,
			);
			defaultConfigurationIsVisible = 0;
			defaultConfigurationName = Release;
		};
		0FA7FF7A195B7897009FF521 /* Build configuration list for PBXNativeTarget "PokeCoke" */ = {
			isa = XCConfigurationList;
			buildConfigurations = (
				0FA7FF7B195B7897009FF521 /* Debug */,
				0FA7FF7C195B7897009FF521 /* Release */,
			);
			defaultConfigurationIsVisible = 0;
			defaultConfigurationName = Release;
		};
		0FA7FF7D195B7897009FF521 /* Build configuration list for PBXNativeTarget "PokeCokeTests" */ = {
			isa = XCConfigurationList;
			buildConfigurations = (
				0FA7FF7E195B7897009FF521 /* Debug */,
				0FA7FF7F195B7897009FF521 /* Release */,
			);
			defaultConfigurationIsVisible = 0;
			defaultConfigurationName = Release;
		};
/* End XCConfigurationList section */
	};
	rootObject = 0FA7FF46195B7897009FF521 /* Project object */;
}
